
Microsoft Visual Studio Solution File, Format Version 12.00
# Visual Studio Version 16
VisualStudioVersion = 16.0.32106.194
MinimumVisualStudioVersion = 10.0.40219.1
Project("{FAE04EC0-301F-11D3-BF4B-00C04F79EFBC}") = "WSE2 Launcher View", "WSE2 Launcher\WSE2 Launcher View.csproj", "{A4734ED7-C385-4971-AD44-CDB3EA89034F}"
EndProject
Project("{9A19103F-16F7-4668-BE54-9A1E7A4F7556}") = "Tests", "Config Tests\Tests.csproj", "{822CB7AA-D884-405D-AC6B-EFF0944F53C9}"
EndProject
Project("{FAE04EC0-301F-11D3-BF4B-00C04F79EFBC}") = "ConfigController", "ConfigController\ConfigController.csproj", "{4B8A43C8-4174-4640-B578-7C9CD910EC0C}"
EndProject
Project("{FAE04EC0-301F-11D3-BF4B-00C04F79EFBC}") = "ModuleHelper", "ModuleHelper\ModuleHelper.csproj", "{4044C661-5621-4517-91DC-9236D43A9CC1}"
EndProject
Project("{FAE04EC0-301F-11D3-BF4B-00C04F79EFBC}") = "WSE2_CLI_Options", "WSE2_CLI_Options\WSE2_CLI_Options.csproj", "{2C797254-B522-4358-A721-910805C36AC6}"
EndProject
Global
	GlobalSection(SolutionConfigurationPlatforms) = preSolution
		Debug|Any CPU = Debug|Any CPU
		Release|Any CPU = Release|Any CPU
	EndGlobalSection
	GlobalSection(ProjectConfigurationPlatforms) = postSolution
		{A4734ED7-C385-4971-AD44-CDB3EA89034F}.Debug|Any CPU.ActiveCfg = Debug|Any CPU
		{A4734ED7-C385-4971-AD44-CDB3EA89034F}.Debug|Any CPU.Build.0 = Debug|Any CPU
		{A4734ED7-C385-4971-AD44-CDB3EA89034F}.Release|Any CPU.ActiveCfg = Release|Any CPU
		{A4734ED7-C385-4971-AD44-CDB3EA89034F}.Release|Any CPU.Build.0 = Release|Any CPU
		{822CB7AA-D884-405D-AC6B-EFF0944F53C9}.Debug|Any CPU.ActiveCfg = Debug|Any CPU
		{822CB7AA-D884-405D-AC6B-EFF0944F53C9}.Debug|Any CPU.Build.0 = Debug|Any CPU
		{822CB7AA-D884-405D-AC6B-EFF0944F53C9}.Release|Any CPU.ActiveCfg = Release|Any CPU
		{822CB7AA-D884-405D-AC6B-EFF0944F53C9}.Release|Any CPU.Build.0 = Release|Any CPU
		{4B8A43C8-4174-4640-B578-7C9CD910EC0C}.Debug|Any CPU.ActiveCfg = Debug|Any CPU
		{4B8A43C8-4174-4640-B578-7C9CD910EC0C}.Debug|Any CPU.Build.0 = Debug|Any CPU
		{4B8A43C8-4174-4640-B578-7C9CD910EC0C}.Release|Any CPU.ActiveCfg = Release|Any CPU
		{4B8A43C8-4174-4640-B578-7C9CD910EC0C}.Release|Any CPU.Build.0 = Release|Any CPU
		{4044C661-5621-4517-91DC-9236D43A9CC1}.Debug|Any CPU.ActiveCfg = Debug|Any CPU
		{4044C661-5621-4517-91DC-9236D43A9CC1}.Debug|Any CPU.Build.0 = Debug|Any CPU
		{4044C661-5621-4517-91DC-9236D43A9CC1}.Release|Any CPU.ActiveCfg = Release|Any CPU
		{4044C661-5621-4517-91DC-9236D43A9CC1}.Release|Any CPU.Build.0 = Release|Any CPU
		{2C797254-B522-4358-A721-910805C36AC6}.Debug|Any CPU.ActiveCfg = Debug|Any CPU
		{2C797254-B522-4358-A721-910805C36AC6}.Debug|Any CPU.Build.0 = Debug|Any CPU
		{2C797254-B522-4358-A721-910805C36AC6}.Release|Any CPU.ActiveCfg = Release|Any CPU
		{2C797254-B522-4358-A721-910805C36AC6}.Release|Any CPU.Build.0 = Release|Any CPU
	EndGlobalSection
	GlobalSection(SolutionProperties) = preSolution
		HideSolutionNode = FALSE
	EndGlobalSection
	GlobalSection(ExtensibilityGlobals) = postSolution
		SolutionGuid = {0B1FE3A8-C9A1-4C3F-8754-0B3227ADA017}
	EndGlobalSection
EndGlobal
